// !$*UTF8*$!
{
	archiveVersion = 1;
	classes = {
	};
	objectVersion = 55;
	objects = {

/* Begin PBXBuildFile section */
		3B2D648B2874744900E3B433 /* LoginViewController.swift in Sources */ = {isa = PBXBuildFile; fileRef = 3B2D648A2874744900E3B433 /* LoginViewController.swift */; };
		3B2D648E287476BE00E3B433 /* LoginViewModel.swift in Sources */ = {isa = PBXBuildFile; fileRef = 3B2D648D287476BE00E3B433 /* LoginViewModel.swift */; };
		3B2D64912874799C00E3B433 /* UIAlertController+Extension.swift in Sources */ = {isa = PBXBuildFile; fileRef = 3B2D64902874799C00E3B433 /* UIAlertController+Extension.swift */; };
		3B2D64932874844700E3B433 /* ActivityIndicatorView.swift in Sources */ = {isa = PBXBuildFile; fileRef = 3B2D64922874844700E3B433 /* ActivityIndicatorView.swift */; };
		3B45091328759ECC00B7E7AE /* UIViewController+Extension.swift in Sources */ = {isa = PBXBuildFile; fileRef = 3B45091228759ECC00B7E7AE /* UIViewController+Extension.swift */; };
		3B5F0E3728BDE9CA00326A0C /* PaymentSuccessData.swift in Sources */ = {isa = PBXBuildFile; fileRef = 3B5F0E3628BDE9CA00326A0C /* PaymentSuccessData.swift */; };
		3B5F0E3928BDFA2B00326A0C /* PCFuelingPaymentMethod+Extension.swift in Sources */ = {isa = PBXBuildFile; fileRef = 3B5F0E3828BDFA2B00326A0C /* PCFuelingPaymentMethod+Extension.swift */; };
		3B5F0E3B28BDFDA900326A0C /* Discount.swift in Sources */ = {isa = PBXBuildFile; fileRef = 3B5F0E3A28BDFDA900326A0C /* Discount.swift */; };
		3B5F0E3D28BE01EF00326A0C /* DiscountResponse.swift in Sources */ = {isa = PBXBuildFile; fileRef = 3B5F0E3C28BE01EF00326A0C /* DiscountResponse.swift */; };
		3B5F0E4628BE0ED300326A0C /* PaymentAuthorization.swift in Sources */ = {isa = PBXBuildFile; fileRef = 3B5F0E4528BE0ED300326A0C /* PaymentAuthorization.swift */; };
		3B5F0E4828BE154B00326A0C /* SummaryViewModel+2FA.swift in Sources */ = {isa = PBXBuildFile; fileRef = 3B5F0E4728BE154B00326A0C /* SummaryViewModel+2FA.swift */; };
		3B5F0E4D28BE3CAF00326A0C /* UIColor+Extension.swift in Sources */ = {isa = PBXBuildFile; fileRef = 3B5F0E4C28BE3CAF00326A0C /* UIColor+Extension.swift */; };
		3B5F0E5328BE3F5500326A0C /* SummaryItem.swift in Sources */ = {isa = PBXBuildFile; fileRef = 3B5F0E5228BE3F5500326A0C /* SummaryItem.swift */; };
		3B5F0E5528BE401F00326A0C /* SummaryItemCell.swift in Sources */ = {isa = PBXBuildFile; fileRef = 3B5F0E5428BE401F00326A0C /* SummaryItemCell.swift */; };
		3B5F0E5728BE4C4900326A0C /* SummaryItemsView.swift in Sources */ = {isa = PBXBuildFile; fileRef = 3B5F0E5628BE4C4900326A0C /* SummaryItemsView.swift */; };
		3B92A5C028BCEFC700E1965B /* FuelingProcess.swift in Sources */ = {isa = PBXBuildFile; fileRef = 3B92A5BF28BCEFC700E1965B /* FuelingProcess.swift */; };
		3B92A5C228BCF01400E1965B /* Constants.swift in Sources */ = {isa = PBXBuildFile; fileRef = 3B92A5C128BCF01400E1965B /* Constants.swift */; };
		3B92A5C528BCF20300E1965B /* NSLocale+Extension.swift in Sources */ = {isa = PBXBuildFile; fileRef = 3B92A5C428BCF20300E1965B /* NSLocale+Extension.swift */; };
		3B92A5C728BCF23900E1965B /* PriceNumberFormatter.swift in Sources */ = {isa = PBXBuildFile; fileRef = 3B92A5C628BCF23900E1965B /* PriceNumberFormatter.swift */; };
		3B92A5C928BCF3AE00E1965B /* APIHelper.swift in Sources */ = {isa = PBXBuildFile; fileRef = 3B92A5C828BCF3AE00E1965B /* APIHelper.swift */; };
		3B92A5CB28BCF48700E1965B /* DiscountRequest.swift in Sources */ = {isa = PBXBuildFile; fileRef = 3B92A5CA28BCF48700E1965B /* DiscountRequest.swift */; };
		9AD6E95F286AE6F500B6FDA4 /* AppDelegate.swift in Sources */ = {isa = PBXBuildFile; fileRef = 9AD6E95E286AE6F500B6FDA4 /* AppDelegate.swift */; };
		9AD6E961286AE6F500B6FDA4 /* SceneDelegate.swift in Sources */ = {isa = PBXBuildFile; fileRef = 9AD6E960286AE6F500B6FDA4 /* SceneDelegate.swift */; };
		9AD6E968286AE6F600B6FDA4 /* Assets.xcassets in Resources */ = {isa = PBXBuildFile; fileRef = 9AD6E967286AE6F600B6FDA4 /* Assets.xcassets */; };
		9AD6E96B286AE6F600B6FDA4 /* LaunchScreen.storyboard in Resources */ = {isa = PBXBuildFile; fileRef = 9AD6E969286AE6F600B6FDA4 /* LaunchScreen.storyboard */; };
		9AD6E987286AE76E00B6FDA4 /* PACECloudSDK.framework in Frameworks */ = {isa = PBXBuildFile; fileRef = 9AD6E97C286AE73D00B6FDA4 /* PACECloudSDK.framework */; platformFilter = ios; };
		9AD6E988286AE76E00B6FDA4 /* PACECloudSDK.framework in Embed Frameworks */ = {isa = PBXBuildFile; fileRef = 9AD6E97C286AE73D00B6FDA4 /* PACECloudSDK.framework */; settings = {ATTRIBUTES = (CodeSignOnCopy, RemoveHeadersOnCopy, ); }; };
		9AD6E9A9286AF8FB00B6FDA4 /* GasStation.swift in Sources */ = {isa = PBXBuildFile; fileRef = 9AD6E9A8286AF8FB00B6FDA4 /* GasStation.swift */; };
		9AD6E9B1286AFD3500B6FDA4 /* GasStationListViewModel.swift in Sources */ = {isa = PBXBuildFile; fileRef = 9AD6E9AE286AFB2400B6FDA4 /* GasStationListViewModel.swift */; };
		9AD6E9B2286AFD3900B6FDA4 /* GasStationCell.swift in Sources */ = {isa = PBXBuildFile; fileRef = 9AD6E9AF286AFB2400B6FDA4 /* GasStationCell.swift */; };
		9AD6E9B3286AFD3D00B6FDA4 /* GasStationListViewController.swift in Sources */ = {isa = PBXBuildFile; fileRef = 9AD6E9B0286AFB2400B6FDA4 /* GasStationListViewController.swift */; };
		9AD6E9B8286B445700B6FDA4 /* Double+Extension.swift in Sources */ = {isa = PBXBuildFile; fileRef = 9AD6E9B7286B445700B6FDA4 /* Double+Extension.swift */; };
		9AD6E9BA286B566000B6FDA4 /* LiveData.swift in Sources */ = {isa = PBXBuildFile; fileRef = 9AD6E9B9286B566000B6FDA4 /* LiveData.swift */; };
		9AD6E9BE286B73E700B6FDA4 /* SummaryViewController.swift in Sources */ = {isa = PBXBuildFile; fileRef = 9AD6E9BC286B73E700B6FDA4 /* SummaryViewController.swift */; };
		9AD6E9BF286B73E700B6FDA4 /* SummaryViewModel.swift in Sources */ = {isa = PBXBuildFile; fileRef = 9AD6E9BD286B73E700B6FDA4 /* SummaryViewModel.swift */; };
		9AD6E9C5286B748300B6FDA4 /* PumpStatusViewController.swift in Sources */ = {isa = PBXBuildFile; fileRef = 9AD6E9C1286B748300B6FDA4 /* PumpStatusViewController.swift */; };
		9AD6E9C6286B748300B6FDA4 /* PumpStatusViewModel.swift in Sources */ = {isa = PBXBuildFile; fileRef = 9AD6E9C2286B748300B6FDA4 /* PumpStatusViewModel.swift */; };
		9AD6E9C7286B748300B6FDA4 /* PaymentSelectionViewController.swift in Sources */ = {isa = PBXBuildFile; fileRef = 9AD6E9C3286B748300B6FDA4 /* PaymentSelectionViewController.swift */; };
		9AD6E9C8286B748300B6FDA4 /* PaymentSelectionViewModel.swift in Sources */ = {isa = PBXBuildFile; fileRef = 9AD6E9C4286B748300B6FDA4 /* PaymentSelectionViewModel.swift */; };
		9AD6E9CD286B74BB00B6FDA4 /* PumpSelectionViewController.swift in Sources */ = {isa = PBXBuildFile; fileRef = 9AD6E9CB286B74BA00B6FDA4 /* PumpSelectionViewController.swift */; };
		9AD6E9CE286B74BB00B6FDA4 /* PumpSelectionViewModel.swift in Sources */ = {isa = PBXBuildFile; fileRef = 9AD6E9CC286B74BA00B6FDA4 /* PumpSelectionViewModel.swift */; };
		9AF393EB286C39A80040B40A /* PaymentMethodCell.swift in Sources */ = {isa = PBXBuildFile; fileRef = 9AF393EA286C39A80040B40A /* PaymentMethodCell.swift */; };
		9AF393F2286C47CF0040B40A /* PumpCell.swift in Sources */ = {isa = PBXBuildFile; fileRef = 9AF393F1286C47CF0040B40A /* PumpCell.swift */; };
		9AF393F4286C6EC90040B40A /* PumpStatus.swift in Sources */ = {isa = PBXBuildFile; fileRef = 9AF393F3286C6EC90040B40A /* PumpStatus.swift */; };
		9AF393F7286DB4B20040B40A /* SuccessViewController.swift in Sources */ = {isa = PBXBuildFile; fileRef = 9AF393F6286DB4B20040B40A /* SuccessViewController.swift */; };
		9AF393F9286DB4BD0040B40A /* SuccessViewModel.swift in Sources */ = {isa = PBXBuildFile; fileRef = 9AF393F8286DB4BD0040B40A /* SuccessViewModel.swift */; };
		9AF393FD287337CE0040B40A /* AmountSelectionViewController.swift in Sources */ = {isa = PBXBuildFile; fileRef = 9AF393FC287337CE0040B40A /* AmountSelectionViewController.swift */; };
		9AF393FF287337DD0040B40A /* AmountSelectionViewModel.swift in Sources */ = {isa = PBXBuildFile; fileRef = 9AF393FE287337DD0040B40A /* AmountSelectionViewModel.swift */; };
/* End PBXBuildFile section */

/* Begin PBXContainerItemProxy section */
		9AD6E97B286AE73D00B6FDA4 /* PBXContainerItemProxy */ = {
			isa = PBXContainerItemProxy;
			containerPortal = 9AD6E973286AE73D00B6FDA4 /* PACECloudSDK.xcodeproj */;
			proxyType = 2;
			remoteGlobalIDString = 921E682C2534883100438491;
			remoteInfo = PACECloudSDK;
		};
		9AD6E97D286AE73D00B6FDA4 /* PBXContainerItemProxy */ = {
			isa = PBXContainerItemProxy;
			containerPortal = 9AD6E973286AE73D00B6FDA4 /* PACECloudSDK.xcodeproj */;
			proxyType = 2;
			remoteGlobalIDString = 92EDDBCD25A71EEB00E480F4;
			remoteInfo = PACECloudSlimSDK;
		};
		9AD6E97F286AE73D00B6FDA4 /* PBXContainerItemProxy */ = {
			isa = PBXContainerItemProxy;
			containerPortal = 9AD6E973286AE73D00B6FDA4 /* PACECloudSDK.xcodeproj */;
			proxyType = 2;
			remoteGlobalIDString = 921E68352534883200438491;
			remoteInfo = PACECloudSDKTests;
		};
		9AD6E981286AE73D00B6FDA4 /* PBXContainerItemProxy */ = {
			isa = PBXContainerItemProxy;
			containerPortal = 9AD6E973286AE73D00B6FDA4 /* PACECloudSDK.xcodeproj */;
			proxyType = 2;
			remoteGlobalIDString = 3BA6A760260DD06A005D4B5C;
			remoteInfo = UnitTestDummy;
		};
		9AD6E983286AE73D00B6FDA4 /* PBXContainerItemProxy */ = {
			isa = PBXContainerItemProxy;
			containerPortal = 9AD6E973286AE73D00B6FDA4 /* PACECloudSDK.xcodeproj */;
			proxyType = 2;
			remoteGlobalIDString = 17BB0CD7268CCED6009D4755;
			remoteInfo = PACECloudWatchSDK;
		};
		9AD6E985286AE75800B6FDA4 /* PBXContainerItemProxy */ = {
			isa = PBXContainerItemProxy;
			containerPortal = 9AD6E973286AE73D00B6FDA4 /* PACECloudSDK.xcodeproj */;
			proxyType = 1;
			remoteGlobalIDString = 921E682B2534883100438491;
			remoteInfo = PACECloudSDK;
		};
/* End PBXContainerItemProxy section */

/* Begin PBXCopyFilesBuildPhase section */
		9AD6E989286AE76F00B6FDA4 /* Embed Frameworks */ = {
			isa = PBXCopyFilesBuildPhase;
			buildActionMask = 2147483647;
			dstPath = "";
			dstSubfolderSpec = 10;
			files = (
				9AD6E988286AE76E00B6FDA4 /* PACECloudSDK.framework in Embed Frameworks */,
			);
			name = "Embed Frameworks";
			runOnlyForDeploymentPostprocessing = 0;
		};
/* End PBXCopyFilesBuildPhase section */

/* Begin PBXFileReference section */
		3B2D648A2874744900E3B433 /* LoginViewController.swift */ = {isa = PBXFileReference; lastKnownFileType = sourcecode.swift; path = LoginViewController.swift; sourceTree = "<group>"; };
		3B2D648D287476BE00E3B433 /* LoginViewModel.swift */ = {isa = PBXFileReference; lastKnownFileType = sourcecode.swift; path = LoginViewModel.swift; sourceTree = "<group>"; };
		3B2D64902874799C00E3B433 /* UIAlertController+Extension.swift */ = {isa = PBXFileReference; lastKnownFileType = sourcecode.swift; path = "UIAlertController+Extension.swift"; sourceTree = "<group>"; };
		3B2D64922874844700E3B433 /* ActivityIndicatorView.swift */ = {isa = PBXFileReference; lastKnownFileType = sourcecode.swift; path = ActivityIndicatorView.swift; sourceTree = "<group>"; };
		3B45091228759ECC00B7E7AE /* UIViewController+Extension.swift */ = {isa = PBXFileReference; lastKnownFileType = sourcecode.swift; path = "UIViewController+Extension.swift"; sourceTree = "<group>"; };
		3B5F0E3628BDE9CA00326A0C /* PaymentSuccessData.swift */ = {isa = PBXFileReference; lastKnownFileType = sourcecode.swift; path = PaymentSuccessData.swift; sourceTree = "<group>"; };
		3B5F0E3828BDFA2B00326A0C /* PCFuelingPaymentMethod+Extension.swift */ = {isa = PBXFileReference; lastKnownFileType = sourcecode.swift; path = "PCFuelingPaymentMethod+Extension.swift"; sourceTree = "<group>"; };
		3B5F0E3A28BDFDA900326A0C /* Discount.swift */ = {isa = PBXFileReference; lastKnownFileType = sourcecode.swift; path = Discount.swift; sourceTree = "<group>"; };
		3B5F0E3C28BE01EF00326A0C /* DiscountResponse.swift */ = {isa = PBXFileReference; lastKnownFileType = sourcecode.swift; path = DiscountResponse.swift; sourceTree = "<group>"; };
		3B5F0E4528BE0ED300326A0C /* PaymentAuthorization.swift */ = {isa = PBXFileReference; lastKnownFileType = sourcecode.swift; path = PaymentAuthorization.swift; sourceTree = "<group>"; };
		3B5F0E4728BE154B00326A0C /* SummaryViewModel+2FA.swift */ = {isa = PBXFileReference; lastKnownFileType = sourcecode.swift; path = "SummaryViewModel+2FA.swift"; sourceTree = "<group>"; };
		3B5F0E4C28BE3CAF00326A0C /* UIColor+Extension.swift */ = {isa = PBXFileReference; lastKnownFileType = sourcecode.swift; path = "UIColor+Extension.swift"; sourceTree = "<group>"; };
		3B5F0E5228BE3F5500326A0C /* SummaryItem.swift */ = {isa = PBXFileReference; lastKnownFileType = sourcecode.swift; path = SummaryItem.swift; sourceTree = "<group>"; };
		3B5F0E5428BE401F00326A0C /* SummaryItemCell.swift */ = {isa = PBXFileReference; lastKnownFileType = sourcecode.swift; path = SummaryItemCell.swift; sourceTree = "<group>"; };
		3B5F0E5628BE4C4900326A0C /* SummaryItemsView.swift */ = {isa = PBXFileReference; lastKnownFileType = sourcecode.swift; path = SummaryItemsView.swift; sourceTree = "<group>"; };
		3B92A5BF28BCEFC700E1965B /* FuelingProcess.swift */ = {isa = PBXFileReference; lastKnownFileType = sourcecode.swift; path = FuelingProcess.swift; sourceTree = "<group>"; };
		3B92A5C128BCF01400E1965B /* Constants.swift */ = {isa = PBXFileReference; lastKnownFileType = sourcecode.swift; path = Constants.swift; sourceTree = "<group>"; };
		3B92A5C428BCF20300E1965B /* NSLocale+Extension.swift */ = {isa = PBXFileReference; lastKnownFileType = sourcecode.swift; path = "NSLocale+Extension.swift"; sourceTree = "<group>"; };
		3B92A5C628BCF23900E1965B /* PriceNumberFormatter.swift */ = {isa = PBXFileReference; lastKnownFileType = sourcecode.swift; path = PriceNumberFormatter.swift; sourceTree = "<group>"; };
		3B92A5C828BCF3AE00E1965B /* APIHelper.swift */ = {isa = PBXFileReference; lastKnownFileType = sourcecode.swift; path = APIHelper.swift; sourceTree = "<group>"; };
		3B92A5CA28BCF48700E1965B /* DiscountRequest.swift */ = {isa = PBXFileReference; lastKnownFileType = sourcecode.swift; path = DiscountRequest.swift; sourceTree = "<group>"; };
		9AD6E95B286AE6F500B6FDA4 /* FuelingExampleApp.app */ = {isa = PBXFileReference; explicitFileType = wrapper.application; includeInIndex = 0; path = FuelingExampleApp.app; sourceTree = BUILT_PRODUCTS_DIR; };
		9AD6E95E286AE6F500B6FDA4 /* AppDelegate.swift */ = {isa = PBXFileReference; lastKnownFileType = sourcecode.swift; path = AppDelegate.swift; sourceTree = "<group>"; };
		9AD6E960286AE6F500B6FDA4 /* SceneDelegate.swift */ = {isa = PBXFileReference; lastKnownFileType = sourcecode.swift; path = SceneDelegate.swift; sourceTree = "<group>"; };
		9AD6E967286AE6F600B6FDA4 /* Assets.xcassets */ = {isa = PBXFileReference; lastKnownFileType = folder.assetcatalog; path = Assets.xcassets; sourceTree = "<group>"; };
		9AD6E96A286AE6F600B6FDA4 /* Base */ = {isa = PBXFileReference; lastKnownFileType = file.storyboard; name = Base; path = Base.lproj/LaunchScreen.storyboard; sourceTree = "<group>"; };
		9AD6E96C286AE6F600B6FDA4 /* Info.plist */ = {isa = PBXFileReference; lastKnownFileType = text.plist.xml; path = Info.plist; sourceTree = "<group>"; };
		9AD6E973286AE73D00B6FDA4 /* PACECloudSDK.xcodeproj */ = {isa = PBXFileReference; lastKnownFileType = "wrapper.pb-project"; name = PACECloudSDK.xcodeproj; path = ../PACECloudSDK.xcodeproj; sourceTree = "<group>"; };
		9AD6E9A8286AF8FB00B6FDA4 /* GasStation.swift */ = {isa = PBXFileReference; fileEncoding = 4; lastKnownFileType = sourcecode.swift; path = GasStation.swift; sourceTree = "<group>"; };
		9AD6E9AE286AFB2400B6FDA4 /* GasStationListViewModel.swift */ = {isa = PBXFileReference; lastKnownFileType = sourcecode.swift; path = GasStationListViewModel.swift; sourceTree = "<group>"; };
		9AD6E9AF286AFB2400B6FDA4 /* GasStationCell.swift */ = {isa = PBXFileReference; lastKnownFileType = sourcecode.swift; path = GasStationCell.swift; sourceTree = "<group>"; };
		9AD6E9B0286AFB2400B6FDA4 /* GasStationListViewController.swift */ = {isa = PBXFileReference; lastKnownFileType = sourcecode.swift; path = GasStationListViewController.swift; sourceTree = "<group>"; };
		9AD6E9B7286B445700B6FDA4 /* Double+Extension.swift */ = {isa = PBXFileReference; lastKnownFileType = sourcecode.swift; path = "Double+Extension.swift"; sourceTree = "<group>"; };
		9AD6E9B9286B566000B6FDA4 /* LiveData.swift */ = {isa = PBXFileReference; lastKnownFileType = sourcecode.swift; path = LiveData.swift; sourceTree = "<group>"; };
		9AD6E9BC286B73E700B6FDA4 /* SummaryViewController.swift */ = {isa = PBXFileReference; fileEncoding = 4; lastKnownFileType = sourcecode.swift; path = SummaryViewController.swift; sourceTree = "<group>"; };
		9AD6E9BD286B73E700B6FDA4 /* SummaryViewModel.swift */ = {isa = PBXFileReference; fileEncoding = 4; lastKnownFileType = sourcecode.swift; path = SummaryViewModel.swift; sourceTree = "<group>"; };
		9AD6E9C1286B748300B6FDA4 /* PumpStatusViewController.swift */ = {isa = PBXFileReference; fileEncoding = 4; lastKnownFileType = sourcecode.swift; path = PumpStatusViewController.swift; sourceTree = "<group>"; };
		9AD6E9C2286B748300B6FDA4 /* PumpStatusViewModel.swift */ = {isa = PBXFileReference; fileEncoding = 4; lastKnownFileType = sourcecode.swift; path = PumpStatusViewModel.swift; sourceTree = "<group>"; };
		9AD6E9C3286B748300B6FDA4 /* PaymentSelectionViewController.swift */ = {isa = PBXFileReference; fileEncoding = 4; lastKnownFileType = sourcecode.swift; path = PaymentSelectionViewController.swift; sourceTree = "<group>"; };
		9AD6E9C4286B748300B6FDA4 /* PaymentSelectionViewModel.swift */ = {isa = PBXFileReference; fileEncoding = 4; lastKnownFileType = sourcecode.swift; path = PaymentSelectionViewModel.swift; sourceTree = "<group>"; };
		9AD6E9CB286B74BA00B6FDA4 /* PumpSelectionViewController.swift */ = {isa = PBXFileReference; fileEncoding = 4; lastKnownFileType = sourcecode.swift; path = PumpSelectionViewController.swift; sourceTree = "<group>"; };
		9AD6E9CC286B74BA00B6FDA4 /* PumpSelectionViewModel.swift */ = {isa = PBXFileReference; fileEncoding = 4; lastKnownFileType = sourcecode.swift; path = PumpSelectionViewModel.swift; sourceTree = "<group>"; };
		9AF393EA286C39A80040B40A /* PaymentMethodCell.swift */ = {isa = PBXFileReference; lastKnownFileType = sourcecode.swift; path = PaymentMethodCell.swift; sourceTree = "<group>"; };
		9AF393F1286C47CF0040B40A /* PumpCell.swift */ = {isa = PBXFileReference; lastKnownFileType = sourcecode.swift; path = PumpCell.swift; sourceTree = "<group>"; };
		9AF393F3286C6EC90040B40A /* PumpStatus.swift */ = {isa = PBXFileReference; lastKnownFileType = sourcecode.swift; path = PumpStatus.swift; sourceTree = "<group>"; };
		9AF393F6286DB4B20040B40A /* SuccessViewController.swift */ = {isa = PBXFileReference; lastKnownFileType = sourcecode.swift; path = SuccessViewController.swift; sourceTree = "<group>"; };
		9AF393F8286DB4BD0040B40A /* SuccessViewModel.swift */ = {isa = PBXFileReference; lastKnownFileType = sourcecode.swift; path = SuccessViewModel.swift; sourceTree = "<group>"; };
		9AF393FC287337CE0040B40A /* AmountSelectionViewController.swift */ = {isa = PBXFileReference; lastKnownFileType = sourcecode.swift; path = AmountSelectionViewController.swift; sourceTree = "<group>"; };
		9AF393FE287337DD0040B40A /* AmountSelectionViewModel.swift */ = {isa = PBXFileReference; lastKnownFileType = sourcecode.swift; path = AmountSelectionViewModel.swift; sourceTree = "<group>"; };
/* End PBXFileReference section */

/* Begin PBXFrameworksBuildPhase section */
		9AD6E958286AE6F500B6FDA4 /* Frameworks */ = {
			isa = PBXFrameworksBuildPhase;
			buildActionMask = 2147483647;
			files = (
				9AD6E987286AE76E00B6FDA4 /* PACECloudSDK.framework in Frameworks */,
			);
			runOnlyForDeploymentPostprocessing = 0;
		};
/* End PBXFrameworksBuildPhase section */

/* Begin PBXGroup section */
		3B2D64852874743400E3B433 /* Login */ = {
			isa = PBXGroup;
			children = (
				3B2D648A2874744900E3B433 /* LoginViewController.swift */,
				3B2D648D287476BE00E3B433 /* LoginViewModel.swift */,
			);
			path = Login;
			sourceTree = "<group>";
		};
		3B2D648F2874799000E3B433 /* Alerts */ = {
			isa = PBXGroup;
			children = (
				3B2D64902874799C00E3B433 /* UIAlertController+Extension.swift */,
			);
			path = Alerts;
			sourceTree = "<group>";
		};
		3B92A5C328BCF0C100E1965B /* Models */ = {
			isa = PBXGroup;
			children = (
				3B5F0E3A28BDFDA900326A0C /* Discount.swift */,
				3B92A5CA28BCF48700E1965B /* DiscountRequest.swift */,
				3B5F0E3C28BE01EF00326A0C /* DiscountResponse.swift */,
				9AD6E9A8286AF8FB00B6FDA4 /* GasStation.swift */,
				3B5F0E4528BE0ED300326A0C /* PaymentAuthorization.swift */,
				3B5F0E3628BDE9CA00326A0C /* PaymentSuccessData.swift */,
				9AF393F3286C6EC90040B40A /* PumpStatus.swift */,
				3B5F0E5228BE3F5500326A0C /* SummaryItem.swift */,
				3B5F0E5428BE401F00326A0C /* SummaryItemCell.swift */,
			);
			path = Models;
			sourceTree = "<group>";
		};
		9AD6E952286AE6F500B6FDA4 = {
			isa = PBXGroup;
			children = (
				9AD6E95D286AE6F500B6FDA4 /* FuelingExampleApp */,
				9AD6E95C286AE6F500B6FDA4 /* Products */,
				9AD6E972286AE73C00B6FDA4 /* Frameworks */,
			);
			sourceTree = "<group>";
		};
		9AD6E95C286AE6F500B6FDA4 /* Products */ = {
			isa = PBXGroup;
			children = (
				9AD6E95B286AE6F500B6FDA4 /* FuelingExampleApp.app */,
			);
			name = Products;
			sourceTree = "<group>";
		};
		9AD6E95D286AE6F500B6FDA4 /* FuelingExampleApp */ = {
			isa = PBXGroup;
			children = (
				3B2D648F2874799000E3B433 /* Alerts */,
				9AF393FB287337B00040B40A /* AmountSelection */,
				9AD6E9AD286AFB2400B6FDA4 /* GasStationList */,
				3B2D64852874743400E3B433 /* Login */,
				3B92A5C328BCF0C100E1965B /* Models */,
				9AD6E9CA286B749700B6FDA4 /* PaymentSelection */,
				9AD6E9CF286B74BF00B6FDA4 /* PumpSelection */,
				9AD6E9C9286B748900B6FDA4 /* PumpStatus */,
				9AF393F5286DB49E0040B40A /* Success */,
				9AD6E9C0286B73EF00B6FDA4 /* Summary */,
				9AD6E9B5286B443900B6FDA4 /* Utils */,
				9AD6E95E286AE6F500B6FDA4 /* AppDelegate.swift */,
				9AD6E960286AE6F500B6FDA4 /* SceneDelegate.swift */,
				9AD6E967286AE6F600B6FDA4 /* Assets.xcassets */,
				9AD6E969286AE6F600B6FDA4 /* LaunchScreen.storyboard */,
				9AD6E96C286AE6F600B6FDA4 /* Info.plist */,
			);
			path = FuelingExampleApp;
			sourceTree = "<group>";
		};
		9AD6E972286AE73C00B6FDA4 /* Frameworks */ = {
			isa = PBXGroup;
			children = (
				9AD6E973286AE73D00B6FDA4 /* PACECloudSDK.xcodeproj */,
			);
			name = Frameworks;
			sourceTree = "<group>";
		};
		9AD6E974286AE73D00B6FDA4 /* Products */ = {
			isa = PBXGroup;
			children = (
				9AD6E97C286AE73D00B6FDA4 /* PACECloudSDK.framework */,
				9AD6E97E286AE73D00B6FDA4 /* PACECloudSlimSDK.framework */,
				9AD6E980286AE73D00B6FDA4 /* PACECloudSDKTests.xctest */,
				9AD6E982286AE73D00B6FDA4 /* UnitTestDummy.app */,
				9AD6E984286AE73D00B6FDA4 /* PACECloudWatchSDK.framework */,
			);
			name = Products;
			sourceTree = "<group>";
		};
		9AD6E9AD286AFB2400B6FDA4 /* GasStationList */ = {
			isa = PBXGroup;
			children = (
				9AD6E9AE286AFB2400B6FDA4 /* GasStationListViewModel.swift */,
				9AD6E9AF286AFB2400B6FDA4 /* GasStationCell.swift */,
				9AD6E9B0286AFB2400B6FDA4 /* GasStationListViewController.swift */,
			);
			path = GasStationList;
			sourceTree = "<group>";
		};
		9AD6E9B5286B443900B6FDA4 /* Utils */ = {
			isa = PBXGroup;
			children = (
				9AD6E9B6286B444700B6FDA4 /* Extensions */,
				3B2D64922874844700E3B433 /* ActivityIndicatorView.swift */,
				3B92A5C828BCF3AE00E1965B /* APIHelper.swift */,
				3B92A5C128BCF01400E1965B /* Constants.swift */,
				3B92A5BF28BCEFC700E1965B /* FuelingProcess.swift */,
				9AD6E9B9286B566000B6FDA4 /* LiveData.swift */,
				3B92A5C628BCF23900E1965B /* PriceNumberFormatter.swift */,
				3B5F0E5628BE4C4900326A0C /* SummaryItemsView.swift */,
			);
			path = Utils;
			sourceTree = "<group>";
		};
		9AD6E9B6286B444700B6FDA4 /* Extensions */ = {
			isa = PBXGroup;
			children = (
				9AD6E9B7286B445700B6FDA4 /* Double+Extension.swift */,
				3B92A5C428BCF20300E1965B /* NSLocale+Extension.swift */,
				3B5F0E3828BDFA2B00326A0C /* PCFuelingPaymentMethod+Extension.swift */,
				3B5F0E4C28BE3CAF00326A0C /* UIColor+Extension.swift */,
				3B45091228759ECC00B7E7AE /* UIViewController+Extension.swift */,
			);
			path = Extensions;
			sourceTree = "<group>";
		};
		9AD6E9C0286B73EF00B6FDA4 /* Summary */ = {
			isa = PBXGroup;
			children = (
				9AD6E9BC286B73E700B6FDA4 /* SummaryViewController.swift */,
				9AD6E9BD286B73E700B6FDA4 /* SummaryViewModel.swift */,
				3B5F0E4728BE154B00326A0C /* SummaryViewModel+2FA.swift */,
			);
			path = Summary;
			sourceTree = "<group>";
		};
		9AD6E9C9286B748900B6FDA4 /* PumpStatus */ = {
			isa = PBXGroup;
			children = (
				9AD6E9C1286B748300B6FDA4 /* PumpStatusViewController.swift */,
				9AD6E9C2286B748300B6FDA4 /* PumpStatusViewModel.swift */,
			);
			path = PumpStatus;
			sourceTree = "<group>";
		};
		9AD6E9CA286B749700B6FDA4 /* PaymentSelection */ = {
			isa = PBXGroup;
			children = (
				9AD6E9C3286B748300B6FDA4 /* PaymentSelectionViewController.swift */,
				9AD6E9C4286B748300B6FDA4 /* PaymentSelectionViewModel.swift */,
				9AF393EA286C39A80040B40A /* PaymentMethodCell.swift */,
			);
			path = PaymentSelection;
			sourceTree = "<group>";
		};
		9AD6E9CF286B74BF00B6FDA4 /* PumpSelection */ = {
			isa = PBXGroup;
			children = (
				9AD6E9CB286B74BA00B6FDA4 /* PumpSelectionViewController.swift */,
				9AD6E9CC286B74BA00B6FDA4 /* PumpSelectionViewModel.swift */,
				9AF393F1286C47CF0040B40A /* PumpCell.swift */,
			);
			path = PumpSelection;
			sourceTree = "<group>";
		};
		9AF393F5286DB49E0040B40A /* Success */ = {
			isa = PBXGroup;
			children = (
				9AF393F6286DB4B20040B40A /* SuccessViewController.swift */,
				9AF393F8286DB4BD0040B40A /* SuccessViewModel.swift */,
			);
			path = Success;
			sourceTree = "<group>";
		};
		9AF393FB287337B00040B40A /* AmountSelection */ = {
			isa = PBXGroup;
			children = (
				9AF393FC287337CE0040B40A /* AmountSelectionViewController.swift */,
				9AF393FE287337DD0040B40A /* AmountSelectionViewModel.swift */,
			);
			path = AmountSelection;
			sourceTree = "<group>";
		};
/* End PBXGroup section */

/* Begin PBXNativeTarget section */
		9AD6E95A286AE6F500B6FDA4 /* FuelingExampleApp */ = {
			isa = PBXNativeTarget;
			buildConfigurationList = 9AD6E96F286AE6F600B6FDA4 /* Build configuration list for PBXNativeTarget "FuelingExampleApp" */;
			buildPhases = (
				3B92A5BD28BCE62400E1965B /* Swiftlint */,
				9AD6E957286AE6F500B6FDA4 /* Sources */,
				9AD6E958286AE6F500B6FDA4 /* Frameworks */,
				9AD6E959286AE6F500B6FDA4 /* Resources */,
				9AD6E989286AE76F00B6FDA4 /* Embed Frameworks */,
			);
			buildRules = (
			);
			dependencies = (
				9AD6E986286AE75800B6FDA4 /* PBXTargetDependency */,
			);
			name = FuelingExampleApp;
			packageProductDependencies = (
			);
			productName = FuelingApp;
			productReference = 9AD6E95B286AE6F500B6FDA4 /* FuelingExampleApp.app */;
			productType = "com.apple.product-type.application";
		};
/* End PBXNativeTarget section */

/* Begin PBXProject section */
		9AD6E953286AE6F500B6FDA4 /* Project object */ = {
			isa = PBXProject;
			attributes = {
				BuildIndependentTargetsInParallel = 1;
				LastSwiftUpdateCheck = 1320;
				LastUpgradeCheck = 1320;
				TargetAttributes = {
					9AD6E95A286AE6F500B6FDA4 = {
						CreatedOnToolsVersion = 13.2.1;
					};
				};
			};
			buildConfigurationList = 9AD6E956286AE6F500B6FDA4 /* Build configuration list for PBXProject "FuelingExampleApp" */;
			compatibilityVersion = "Xcode 13.0";
			developmentRegion = en;
			hasScannedForEncodings = 0;
			knownRegions = (
				en,
				Base,
			);
			mainGroup = 9AD6E952286AE6F500B6FDA4;
			packageReferences = (
			);
			productRefGroup = 9AD6E95C286AE6F500B6FDA4 /* Products */;
			projectDirPath = "";
			projectReferences = (
				{
					ProductGroup = 9AD6E974286AE73D00B6FDA4 /* Products */;
					ProjectRef = 9AD6E973286AE73D00B6FDA4 /* PACECloudSDK.xcodeproj */;
				},
			);
			projectRoot = "";
			targets = (
				9AD6E95A286AE6F500B6FDA4 /* FuelingExampleApp */,
			);
		};
/* End PBXProject section */

/* Begin PBXReferenceProxy section */
		9AD6E97C286AE73D00B6FDA4 /* PACECloudSDK.framework */ = {
			isa = PBXReferenceProxy;
			fileType = wrapper.framework;
			path = PACECloudSDK.framework;
			remoteRef = 9AD6E97B286AE73D00B6FDA4 /* PBXContainerItemProxy */;
			sourceTree = BUILT_PRODUCTS_DIR;
		};
		9AD6E97E286AE73D00B6FDA4 /* PACECloudSlimSDK.framework */ = {
			isa = PBXReferenceProxy;
			fileType = wrapper.framework;
			path = PACECloudSlimSDK.framework;
			remoteRef = 9AD6E97D286AE73D00B6FDA4 /* PBXContainerItemProxy */;
			sourceTree = BUILT_PRODUCTS_DIR;
		};
		9AD6E980286AE73D00B6FDA4 /* PACECloudSDKTests.xctest */ = {
			isa = PBXReferenceProxy;
			fileType = wrapper.cfbundle;
			path = PACECloudSDKTests.xctest;
			remoteRef = 9AD6E97F286AE73D00B6FDA4 /* PBXContainerItemProxy */;
			sourceTree = BUILT_PRODUCTS_DIR;
		};
		9AD6E982286AE73D00B6FDA4 /* UnitTestDummy.app */ = {
			isa = PBXReferenceProxy;
			fileType = wrapper.application;
			path = UnitTestDummy.app;
			remoteRef = 9AD6E981286AE73D00B6FDA4 /* PBXContainerItemProxy */;
			sourceTree = BUILT_PRODUCTS_DIR;
		};
		9AD6E984286AE73D00B6FDA4 /* PACECloudWatchSDK.framework */ = {
			isa = PBXReferenceProxy;
			fileType = wrapper.framework;
			path = PACECloudWatchSDK.framework;
			remoteRef = 9AD6E983286AE73D00B6FDA4 /* PBXContainerItemProxy */;
			sourceTree = BUILT_PRODUCTS_DIR;
		};
/* End PBXReferenceProxy section */

/* Begin PBXResourcesBuildPhase section */
		9AD6E959286AE6F500B6FDA4 /* Resources */ = {
			isa = PBXResourcesBuildPhase;
			buildActionMask = 2147483647;
			files = (
				9AD6E96B286AE6F600B6FDA4 /* LaunchScreen.storyboard in Resources */,
				9AD6E968286AE6F600B6FDA4 /* Assets.xcassets in Resources */,
			);
			runOnlyForDeploymentPostprocessing = 0;
		};
/* End PBXResourcesBuildPhase section */

/* Begin PBXShellScriptBuildPhase section */
		3B92A5BD28BCE62400E1965B /* Swiftlint */ = {
			isa = PBXShellScriptBuildPhase;
			alwaysOutOfDate = 1;
			buildActionMask = 2147483647;
			files = (
			);
			inputFileListPaths = (
			);
			inputPaths = (
			);
			name = Swiftlint;
			outputFileListPaths = (
			);
			outputPaths = (
			);
			runOnlyForDeploymentPostprocessing = 0;
			shellPath = /bin/sh;
			shellScript = "# Default homebrew directory on m1\nif test -d \"/opt/homebrew/bin/\"; then\n  PATH=\"/opt/homebrew/bin/:${PATH}\"\nfi\n\nexport PATH\n\nif which swiftlint >/dev/null; then\n  swiftlint\nelse\n  echo \"warning: SwiftLint not installed, download from https://github.com/realm/SwiftLint\"\nfi\n";
		};
/* End PBXShellScriptBuildPhase section */

/* Begin PBXSourcesBuildPhase section */
		9AD6E957286AE6F500B6FDA4 /* Sources */ = {
			isa = PBXSourcesBuildPhase;
			buildActionMask = 2147483647;
			files = (
				9AD6E9B3286AFD3D00B6FDA4 /* GasStationListViewController.swift in Sources */,
				9AF393F7286DB4B20040B40A /* SuccessViewController.swift in Sources */,
				9AD6E9B2286AFD3900B6FDA4 /* GasStationCell.swift in Sources */,
				9AD6E9C6286B748300B6FDA4 /* PumpStatusViewModel.swift in Sources */,
				3B5F0E4628BE0ED300326A0C /* PaymentAuthorization.swift in Sources */,
				3B5F0E3B28BDFDA900326A0C /* Discount.swift in Sources */,
				3B45091328759ECC00B7E7AE /* UIViewController+Extension.swift in Sources */,
				3B92A5C728BCF23900E1965B /* PriceNumberFormatter.swift in Sources */,
				3B92A5C528BCF20300E1965B /* NSLocale+Extension.swift in Sources */,
				3B5F0E5528BE401F00326A0C /* SummaryItemCell.swift in Sources */,
				3B92A5C228BCF01400E1965B /* Constants.swift in Sources */,
				9AD6E9A9286AF8FB00B6FDA4 /* GasStation.swift in Sources */,
				3B92A5C928BCF3AE00E1965B /* APIHelper.swift in Sources */,
				9AF393F2286C47CF0040B40A /* PumpCell.swift in Sources */,
				9AD6E9B8286B445700B6FDA4 /* Double+Extension.swift in Sources */,
				3B5F0E5328BE3F5500326A0C /* SummaryItem.swift in Sources */,
				9AD6E9C8286B748300B6FDA4 /* PaymentSelectionViewModel.swift in Sources */,
				3B92A5C028BCEFC700E1965B /* FuelingProcess.swift in Sources */,
				9AD6E9BE286B73E700B6FDA4 /* SummaryViewController.swift in Sources */,
				9AF393F9286DB4BD0040B40A /* SuccessViewModel.swift in Sources */,
				9AF393F4286C6EC90040B40A /* PumpStatus.swift in Sources */,
				3B5F0E4828BE154B00326A0C /* SummaryViewModel+2FA.swift in Sources */,
				3B2D64912874799C00E3B433 /* UIAlertController+Extension.swift in Sources */,
				3B5F0E4D28BE3CAF00326A0C /* UIColor+Extension.swift in Sources */,
				9AD6E9C7286B748300B6FDA4 /* PaymentSelectionViewController.swift in Sources */,
				3B2D648B2874744900E3B433 /* LoginViewController.swift in Sources */,
				3B2D648E287476BE00E3B433 /* LoginViewModel.swift in Sources */,
				9AF393EB286C39A80040B40A /* PaymentMethodCell.swift in Sources */,
				3B2D64932874844700E3B433 /* ActivityIndicatorView.swift in Sources */,
				9AF393FF287337DD0040B40A /* AmountSelectionViewModel.swift in Sources */,
				3B5F0E3D28BE01EF00326A0C /* DiscountResponse.swift in Sources */,
				9AD6E9C5286B748300B6FDA4 /* PumpStatusViewController.swift in Sources */,
				3B5F0E3928BDFA2B00326A0C /* PCFuelingPaymentMethod+Extension.swift in Sources */,
				3B5F0E3728BDE9CA00326A0C /* PaymentSuccessData.swift in Sources */,
				9AD6E9CD286B74BB00B6FDA4 /* PumpSelectionViewController.swift in Sources */,
				3B92A5CB28BCF48700E1965B /* DiscountRequest.swift in Sources */,
				9AD6E95F286AE6F500B6FDA4 /* AppDelegate.swift in Sources */,
				9AD6E9B1286AFD3500B6FDA4 /* GasStationListViewModel.swift in Sources */,
				9AD6E961286AE6F500B6FDA4 /* SceneDelegate.swift in Sources */,
				9AF393FD287337CE0040B40A /* AmountSelectionViewController.swift in Sources */,
				3B5F0E5728BE4C4900326A0C /* SummaryItemsView.swift in Sources */,
				9AD6E9BA286B566000B6FDA4 /* LiveData.swift in Sources */,
				9AD6E9CE286B74BB00B6FDA4 /* PumpSelectionViewModel.swift in Sources */,
				9AD6E9BF286B73E700B6FDA4 /* SummaryViewModel.swift in Sources */,
			);
			runOnlyForDeploymentPostprocessing = 0;
		};
/* End PBXSourcesBuildPhase section */

/* Begin PBXTargetDependency section */
		9AD6E986286AE75800B6FDA4 /* PBXTargetDependency */ = {
			isa = PBXTargetDependency;
			name = PACECloudSDK;
			targetProxy = 9AD6E985286AE75800B6FDA4 /* PBXContainerItemProxy */;
		};
/* End PBXTargetDependency section */

/* Begin PBXVariantGroup section */
		9AD6E969286AE6F600B6FDA4 /* LaunchScreen.storyboard */ = {
			isa = PBXVariantGroup;
			children = (
				9AD6E96A286AE6F600B6FDA4 /* Base */,
			);
			name = LaunchScreen.storyboard;
			sourceTree = "<group>";
		};
/* End PBXVariantGroup section */

/* Begin XCBuildConfiguration section */
		9AD6E994286AEB6F00B6FDA4 /* Development */ = {
			isa = XCBuildConfiguration;
			buildSettings = {
				ALWAYS_SEARCH_USER_PATHS = NO;
				CLANG_ANALYZER_NONNULL = YES;
				CLANG_ANALYZER_NUMBER_OBJECT_CONVERSION = YES_AGGRESSIVE;
				CLANG_CXX_LANGUAGE_STANDARD = "gnu++17";
				CLANG_CXX_LIBRARY = "libc++";
				CLANG_ENABLE_MODULES = YES;
				CLANG_ENABLE_OBJC_ARC = YES;
				CLANG_ENABLE_OBJC_WEAK = YES;
				CLANG_WARN_BLOCK_CAPTURE_AUTORELEASING = YES;
				CLANG_WARN_BOOL_CONVERSION = YES;
				CLANG_WARN_COMMA = YES;
				CLANG_WARN_CONSTANT_CONVERSION = YES;
				CLANG_WARN_DEPRECATED_OBJC_IMPLEMENTATIONS = YES;
				CLANG_WARN_DIRECT_OBJC_ISA_USAGE = YES_ERROR;
				CLANG_WARN_DOCUMENTATION_COMMENTS = YES;
				CLANG_WARN_EMPTY_BODY = YES;
				CLANG_WARN_ENUM_CONVERSION = YES;
				CLANG_WARN_INFINITE_RECURSION = YES;
				CLANG_WARN_INT_CONVERSION = YES;
				CLANG_WARN_NON_LITERAL_NULL_CONVERSION = YES;
				CLANG_WARN_OBJC_IMPLICIT_RETAIN_SELF = YES;
				CLANG_WARN_OBJC_LITERAL_CONVERSION = YES;
				CLANG_WARN_OBJC_ROOT_CLASS = YES_ERROR;
				CLANG_WARN_QUOTED_INCLUDE_IN_FRAMEWORK_HEADER = YES;
				CLANG_WARN_RANGE_LOOP_ANALYSIS = YES;
				CLANG_WARN_STRICT_PROTOTYPES = YES;
				CLANG_WARN_SUSPICIOUS_MOVE = YES;
				CLANG_WARN_UNGUARDED_AVAILABILITY = YES_AGGRESSIVE;
				CLANG_WARN_UNREACHABLE_CODE = YES;
				CLANG_WARN__DUPLICATE_METHOD_MATCH = YES;
				COPY_PHASE_STRIP = NO;
				DEBUG_INFORMATION_FORMAT = dwarf;
				ENABLE_STRICT_OBJC_MSGSEND = YES;
				ENABLE_TESTABILITY = YES;
				GCC_C_LANGUAGE_STANDARD = gnu11;
				GCC_DYNAMIC_NO_PIC = NO;
				GCC_NO_COMMON_BLOCKS = YES;
				GCC_OPTIMIZATION_LEVEL = 0;
				GCC_PREPROCESSOR_DEFINITIONS = (
					"DEBUG=1",
					"$(inherited)",
				);
				GCC_WARN_64_TO_32_BIT_CONVERSION = YES;
				GCC_WARN_ABOUT_RETURN_TYPE = YES_ERROR;
				GCC_WARN_UNDECLARED_SELECTOR = YES;
				GCC_WARN_UNINITIALIZED_AUTOS = YES_AGGRESSIVE;
				GCC_WARN_UNUSED_FUNCTION = YES;
				GCC_WARN_UNUSED_VARIABLE = YES;
				IPHONEOS_DEPLOYMENT_TARGET = 15.2;
				MTL_ENABLE_DEBUG_INFO = INCLUDE_SOURCE;
				MTL_FAST_MATH = YES;
				ONLY_ACTIVE_ARCH = YES;
				SDKROOT = iphoneos;
				SWIFT_ACTIVE_COMPILATION_CONDITIONS = DEBUG;
				SWIFT_OPTIMIZATION_LEVEL = "-Onone";
			};
			name = Development;
		};
		9AD6E995286AEB6F00B6FDA4 /* Development */ = {
			isa = XCBuildConfiguration;
			buildSettings = {
				ASSETCATALOG_COMPILER_APPICON_NAME = AppIcon;
				ASSETCATALOG_COMPILER_GLOBAL_ACCENT_COLOR_NAME = AccentColor;
				CODE_SIGN_STYLE = Automatic;
				CURRENT_PROJECT_VERSION = 1;
				DEVELOPMENT_TEAM = 8T694MPXAZ;
				ENABLE_BITCODE = NO;
				GENERATE_INFOPLIST_FILE = YES;
				INFOPLIST_FILE = FuelingExampleApp/Info.plist;
				INFOPLIST_KEY_NSFaceIDUsageDescription = "PACE uses FaceID to confirm your payments.";
				INFOPLIST_KEY_NSLocationAlwaysAndWhenInUseUsageDescription = "FuelingExampleApp needs location access to show you connected fueling stations nearby";
				INFOPLIST_KEY_NSLocationAlwaysUsageDescription = "FuelingExampleApp needs location access to show you connected fueling stations nearby";
				INFOPLIST_KEY_NSLocationWhenInUseUsageDescription = "FuelingExampleApp needs location access to show you connected fueling stations nearby";
				INFOPLIST_KEY_NSPhotoLibraryUsageDescription = "In order to download your receipts, we need to use Photo Library Usage permission";
				INFOPLIST_KEY_UIApplicationSupportsIndirectInputEvents = YES;
				INFOPLIST_KEY_UILaunchStoryboardName = LaunchScreen;
				INFOPLIST_KEY_UISupportedInterfaceOrientations_iPad = "UIInterfaceOrientationPortrait UIInterfaceOrientationPortraitUpsideDown UIInterfaceOrientationLandscapeLeft UIInterfaceOrientationLandscapeRight";
				INFOPLIST_KEY_UISupportedInterfaceOrientations_iPhone = "UIInterfaceOrientationPortrait UIInterfaceOrientationLandscapeLeft UIInterfaceOrientationLandscapeRight";
				IPHONEOS_DEPLOYMENT_TARGET = 13.0;
				LD_RUNPATH_SEARCH_PATHS = (
					"$(inherited)",
					"@executable_path/Frameworks",
				);
				MARKETING_VERSION = 1.0;
				PRODUCT_BUNDLE_IDENTIFIER = car.pace.FuelingExampleApp;
				PRODUCT_NAME = "$(TARGET_NAME)";
				SWIFT_ACTIVE_COMPILATION_CONDITIONS = "DEBUG DEVELOPMENT";
				SWIFT_EMIT_LOC_STRINGS = YES;
				SWIFT_VERSION = 5.0;
				TARGETED_DEVICE_FAMILY = 1;
			};
			name = Development;
		};
		9AD6E996286AEB7D00B6FDA4 /* Production */ = {
			isa = XCBuildConfiguration;
			buildSettings = {
				ALWAYS_SEARCH_USER_PATHS = NO;
				CLANG_ANALYZER_NONNULL = YES;
				CLANG_ANALYZER_NUMBER_OBJECT_CONVERSION = YES_AGGRESSIVE;
				CLANG_CXX_LANGUAGE_STANDARD = "gnu++17";
				CLANG_CXX_LIBRARY = "libc++";
				CLANG_ENABLE_MODULES = YES;
				CLANG_ENABLE_OBJC_ARC = YES;
				CLANG_ENABLE_OBJC_WEAK = YES;
				CLANG_WARN_BLOCK_CAPTURE_AUTORELEASING = YES;
				CLANG_WARN_BOOL_CONVERSION = YES;
				CLANG_WARN_COMMA = YES;
				CLANG_WARN_CONSTANT_CONVERSION = YES;
				CLANG_WARN_DEPRECATED_OBJC_IMPLEMENTATIONS = YES;
				CLANG_WARN_DIRECT_OBJC_ISA_USAGE = YES_ERROR;
				CLANG_WARN_DOCUMENTATION_COMMENTS = YES;
				CLANG_WARN_EMPTY_BODY = YES;
				CLANG_WARN_ENUM_CONVERSION = YES;
				CLANG_WARN_INFINITE_RECURSION = YES;
				CLANG_WARN_INT_CONVERSION = YES;
				CLANG_WARN_NON_LITERAL_NULL_CONVERSION = YES;
				CLANG_WARN_OBJC_IMPLICIT_RETAIN_SELF = YES;
				CLANG_WARN_OBJC_LITERAL_CONVERSION = YES;
				CLANG_WARN_OBJC_ROOT_CLASS = YES_ERROR;
				CLANG_WARN_QUOTED_INCLUDE_IN_FRAMEWORK_HEADER = YES;
				CLANG_WARN_RANGE_LOOP_ANALYSIS = YES;
				CLANG_WARN_STRICT_PROTOTYPES = YES;
				CLANG_WARN_SUSPICIOUS_MOVE = YES;
				CLANG_WARN_UNGUARDED_AVAILABILITY = YES_AGGRESSIVE;
				CLANG_WARN_UNREACHABLE_CODE = YES;
				CLANG_WARN__DUPLICATE_METHOD_MATCH = YES;
				COPY_PHASE_STRIP = NO;
				DEBUG_INFORMATION_FORMAT = "dwarf-with-dsym";
				ENABLE_NS_ASSERTIONS = NO;
				ENABLE_STRICT_OBJC_MSGSEND = YES;
				GCC_C_LANGUAGE_STANDARD = gnu11;
				GCC_NO_COMMON_BLOCKS = YES;
				GCC_WARN_64_TO_32_BIT_CONVERSION = YES;
				GCC_WARN_ABOUT_RETURN_TYPE = YES_ERROR;
				GCC_WARN_UNDECLARED_SELECTOR = YES;
				GCC_WARN_UNINITIALIZED_AUTOS = YES_AGGRESSIVE;
				GCC_WARN_UNUSED_FUNCTION = YES;
				GCC_WARN_UNUSED_VARIABLE = YES;
				IPHONEOS_DEPLOYMENT_TARGET = 15.2;
				MTL_ENABLE_DEBUG_INFO = NO;
				MTL_FAST_MATH = YES;
				SDKROOT = iphoneos;
				SWIFT_COMPILATION_MODE = wholemodule;
				SWIFT_OPTIMIZATION_LEVEL = "-O";
				VALIDATE_PRODUCT = YES;
			};
			name = Production;
		};
		9AD6E997286AEB7D00B6FDA4 /* Production */ = {
			isa = XCBuildConfiguration;
			buildSettings = {
				ASSETCATALOG_COMPILER_APPICON_NAME = AppIcon;
				ASSETCATALOG_COMPILER_GLOBAL_ACCENT_COLOR_NAME = AccentColor;
				CODE_SIGN_STYLE = Automatic;
				CURRENT_PROJECT_VERSION = 1;
				DEVELOPMENT_TEAM = 8T694MPXAZ;
				ENABLE_BITCODE = NO;
				GENERATE_INFOPLIST_FILE = YES;
				INFOPLIST_FILE = FuelingExampleApp/Info.plist;
				INFOPLIST_KEY_NSFaceIDUsageDescription = "PACE uses FaceID to confirm your payments.";
				INFOPLIST_KEY_NSLocationAlwaysAndWhenInUseUsageDescription = "FuelingExampleApp needs location access to show you connected fueling stations nearby";
				INFOPLIST_KEY_NSLocationAlwaysUsageDescription = "FuelingExampleApp needs location access to show you connected fueling stations nearby";
				INFOPLIST_KEY_NSLocationWhenInUseUsageDescription = "FuelingExampleApp needs location access to show you connected fueling stations nearby";
				INFOPLIST_KEY_NSPhotoLibraryUsageDescription = "In order to download your receipts, we need to use Photo Library Usage permission";
				INFOPLIST_KEY_UIApplicationSupportsIndirectInputEvents = YES;
				INFOPLIST_KEY_UILaunchStoryboardName = LaunchScreen;
				INFOPLIST_KEY_UISupportedInterfaceOrientations_iPad = "UIInterfaceOrientationPortrait UIInterfaceOrientationPortraitUpsideDown UIInterfaceOrientationLandscapeLeft UIInterfaceOrientationLandscapeRight";
				INFOPLIST_KEY_UISupportedInterfaceOrientations_iPhone = "UIInterfaceOrientationPortrait UIInterfaceOrientationLandscapeLeft UIInterfaceOrientationLandscapeRight";
				IPHONEOS_DEPLOYMENT_TARGET = 13.0;
				LD_RUNPATH_SEARCH_PATHS = (
					"$(inherited)",
					"@executable_path/Frameworks",
				);
				MARKETING_VERSION = 1.0;
				PRODUCT_BUNDLE_IDENTIFIER = car.pace.FuelingExampleApp;
				PRODUCT_NAME = "$(TARGET_NAME)";
				SWIFT_ACTIVE_COMPILATION_CONDITIONS = PRODUCTION;
				SWIFT_EMIT_LOC_STRINGS = YES;
				SWIFT_VERSION = 5.0;
				TARGETED_DEVICE_FAMILY = 1;
			};
			name = Production;
		};
		9AD6E998286AEB9400B6FDA4 /* Sandbox */ = {
			isa = XCBuildConfiguration;
			buildSettings = {
				ALWAYS_SEARCH_USER_PATHS = NO;
				CLANG_ANALYZER_NONNULL = YES;
				CLANG_ANALYZER_NUMBER_OBJECT_CONVERSION = YES_AGGRESSIVE;
				CLANG_CXX_LANGUAGE_STANDARD = "gnu++17";
				CLANG_CXX_LIBRARY = "libc++";
				CLANG_ENABLE_MODULES = YES;
				CLANG_ENABLE_OBJC_ARC = YES;
				CLANG_ENABLE_OBJC_WEAK = YES;
				CLANG_WARN_BLOCK_CAPTURE_AUTORELEASING = YES;
				CLANG_WARN_BOOL_CONVERSION = YES;
				CLANG_WARN_COMMA = YES;
				CLANG_WARN_CONSTANT_CONVERSION = YES;
				CLANG_WARN_DEPRECATED_OBJC_IMPLEMENTATIONS = YES;
				CLANG_WARN_DIRECT_OBJC_ISA_USAGE = YES_ERROR;
				CLANG_WARN_DOCUMENTATION_COMMENTS = YES;
				CLANG_WARN_EMPTY_BODY = YES;
				CLANG_WARN_ENUM_CONVERSION = YES;
				CLANG_WARN_INFINITE_RECURSION = YES;
				CLANG_WARN_INT_CONVERSION = YES;
				CLANG_WARN_NON_LITERAL_NULL_CONVERSION = YES;
				CLANG_WARN_OBJC_IMPLICIT_RETAIN_SELF = YES;
				CLANG_WARN_OBJC_LITERAL_CONVERSION = YES;
				CLANG_WARN_OBJC_ROOT_CLASS = YES_ERROR;
				CLANG_WARN_QUOTED_INCLUDE_IN_FRAMEWORK_HEADER = YES;
				CLANG_WARN_RANGE_LOOP_ANALYSIS = YES;
				CLANG_WARN_STRICT_PROTOTYPES = YES;
				CLANG_WARN_SUSPICIOUS_MOVE = YES;
				CLANG_WARN_UNGUARDED_AVAILABILITY = YES_AGGRESSIVE;
				CLANG_WARN_UNREACHABLE_CODE = YES;
				CLANG_WARN__DUPLICATE_METHOD_MATCH = YES;
				COPY_PHASE_STRIP = NO;
				DEBUG_INFORMATION_FORMAT = "dwarf-with-dsym";
				ENABLE_NS_ASSERTIONS = NO;
				ENABLE_STRICT_OBJC_MSGSEND = YES;
				GCC_C_LANGUAGE_STANDARD = gnu11;
				GCC_NO_COMMON_BLOCKS = YES;
				GCC_WARN_64_TO_32_BIT_CONVERSION = YES;
				GCC_WARN_ABOUT_RETURN_TYPE = YES_ERROR;
				GCC_WARN_UNDECLARED_SELECTOR = YES;
				GCC_WARN_UNINITIALIZED_AUTOS = YES_AGGRESSIVE;
				GCC_WARN_UNUSED_FUNCTION = YES;
				GCC_WARN_UNUSED_VARIABLE = YES;
				IPHONEOS_DEPLOYMENT_TARGET = 15.2;
				MTL_ENABLE_DEBUG_INFO = NO;
				MTL_FAST_MATH = YES;
				SDKROOT = iphoneos;
				SWIFT_COMPILATION_MODE = wholemodule;
				SWIFT_OPTIMIZATION_LEVEL = "-O";
				VALIDATE_PRODUCT = YES;
			};
			name = Sandbox;
		};
		9AD6E999286AEB9400B6FDA4 /* Sandbox */ = {
			isa = XCBuildConfiguration;
			buildSettings = {
				ASSETCATALOG_COMPILER_APPICON_NAME = AppIcon;
				ASSETCATALOG_COMPILER_GLOBAL_ACCENT_COLOR_NAME = AccentColor;
				CODE_SIGN_STYLE = Automatic;
				CURRENT_PROJECT_VERSION = 1;
				DEVELOPMENT_TEAM = 8T694MPXAZ;
				ENABLE_BITCODE = NO;
				GENERATE_INFOPLIST_FILE = YES;
				INFOPLIST_FILE = FuelingExampleApp/Info.plist;
				INFOPLIST_KEY_NSFaceIDUsageDescription = "PACE uses FaceID to confirm your payments.";
				INFOPLIST_KEY_NSLocationAlwaysAndWhenInUseUsageDescription = "FuelingExampleApp needs location access to show you connected fueling stations nearby";
				INFOPLIST_KEY_NSLocationAlwaysUsageDescription = "FuelingExampleApp needs location access to show you connected fueling stations nearby";
				INFOPLIST_KEY_NSLocationWhenInUseUsageDescription = "FuelingExampleApp needs location access to show you connected fueling stations nearby";
				INFOPLIST_KEY_NSPhotoLibraryUsageDescription = "In order to download your receipts, we need to use Photo Library Usage permission";
				INFOPLIST_KEY_UIApplicationSupportsIndirectInputEvents = YES;
				INFOPLIST_KEY_UILaunchStoryboardName = LaunchScreen;
				INFOPLIST_KEY_UISupportedInterfaceOrientations_iPad = "UIInterfaceOrientationPortrait UIInterfaceOrientationPortraitUpsideDown UIInterfaceOrientationLandscapeLeft UIInterfaceOrientationLandscapeRight";
				INFOPLIST_KEY_UISupportedInterfaceOrientations_iPhone = "UIInterfaceOrientationPortrait UIInterfaceOrientationLandscapeLeft UIInterfaceOrientationLandscapeRight";
				IPHONEOS_DEPLOYMENT_TARGET = 13.0;
				LD_RUNPATH_SEARCH_PATHS = (
					"$(inherited)",
					"@executable_path/Frameworks",
				);
				MARKETING_VERSION = 1.0;
				MTL_ENABLE_DEBUG_INFO = INCLUDE_SOURCE;
				PRODUCT_BUNDLE_IDENTIFIER = car.pace.FuelingExampleApp;
				PRODUCT_NAME = "$(TARGET_NAME)";
				SWIFT_ACTIVE_COMPILATION_CONDITIONS = SANDBOX;
				SWIFT_COMPILATION_MODE = singlefile;
				SWIFT_EMIT_LOC_STRINGS = YES;
				SWIFT_OPTIMIZATION_LEVEL = "-Onone";
				SWIFT_VERSION = 5.0;
				TARGETED_DEVICE_FAMILY = 1;
				VALIDATE_PRODUCT = NO;
			};
			name = Sandbox;
		};
/* End XCBuildConfiguration section */

/* Begin XCConfigurationList section */
		9AD6E956286AE6F500B6FDA4 /* Build configuration list for PBXProject "FuelingExampleApp" */ = {
			isa = XCConfigurationList;
			buildConfigurations = (
				9AD6E994286AEB6F00B6FDA4 /* Development */,
				9AD6E996286AEB7D00B6FDA4 /* Production */,
				9AD6E998286AEB9400B6FDA4 /* Sandbox */,
			);
			defaultConfigurationIsVisible = 0;
			defaultConfigurationName = Development;
		};
		9AD6E96F286AE6F600B6FDA4 /* Build configuration list for PBXNativeTarget "FuelingExampleApp" */ = {
			isa = XCConfigurationList;
			buildConfigurations = (
				9AD6E995286AEB6F00B6FDA4 /* Development */,
				9AD6E997286AEB7D00B6FDA4 /* Production */,
				9AD6E999286AEB9400B6FDA4 /* Sandbox */,
			);
			defaultConfigurationIsVisible = 0;
			defaultConfigurationName = Development;
		};
/* End XCConfigurationList section */
	};
	rootObject = 9AD6E953286AE6F500B6FDA4 /* Project object */;
}
