{
  "object": {
    "pins": [
      {
        "package": "AppAuth",
        "repositoryURL": "https://github.com/openid/AppAuth-iOS.git",
        "state": {
          "branch": "master",
          "revision": "e191b1beadf3041259652e6e464eaceff16e5fbb",
          "version": null
        }
      },
      {
        "package": "Base32",
        "repositoryURL": "https://github.com/bas-d/Base32",
        "state": {
          "branch": "spm",
          "revision": "27f3abc61f3190aec471ca604e6f1db80f1a5dc1",
          "version": null
        }
      },
      {
        "package": "OneTimePassword",
        "repositoryURL": "https://github.com/bas-d/OneTimePassword",
        "state": {
          "branch": "spm",
          "revision": "5f413e5f6574a4807c5383ff6b7b9e9533f429bb",
          "version": null
        }
      },
      {
        "package": "SwiftProtobuf",
        "repositoryURL": "https://github.com/apple/swift-protobuf.git",
        "state": {
          "branch": null,
          "revision": "426bef0ddfdc6449b7bd1418baafad6bbc56110b",
          "version": "1.13.0"
        }
      }
    ]
  },
  "version": 1
}
